// !$*UTF8*$!
{
	archiveVersion = 1;
	classes = {
	};
	objectVersion = 50;
	objects = {

/* Begin PBXBuildFile section */
		A0882AF32284D27F00E6C9E4 /* AppDelegate.swift in Sources */ = {isa = PBXBuildFile; fileRef = A0882AF22284D27F00E6C9E4 /* AppDelegate.swift */; };
		A0882AF52284D27F00E6C9E4 /* ViewController.swift in Sources */ = {isa = PBXBuildFile; fileRef = A0882AF42284D27F00E6C9E4 /* ViewController.swift */; };
		A0882AF82284D27F00E6C9E4 /* Main.storyboard in Resources */ = {isa = PBXBuildFile; fileRef = A0882AF62284D27F00E6C9E4 /* Main.storyboard */; };
		A0882AFB2284D27F00E6C9E4 /* _2.xcdatamodeld in Sources */ = {isa = PBXBuildFile; fileRef = A0882AF92284D27F00E6C9E4 /* _2.xcdatamodeld */; };
		A0882AFD2284D28000E6C9E4 /* Assets.xcassets in Resources */ = {isa = PBXBuildFile; fileRef = A0882AFC2284D28000E6C9E4 /* Assets.xcassets */; };
		A0882B002284D28000E6C9E4 /* LaunchScreen.storyboard in Resources */ = {isa = PBXBuildFile; fileRef = A0882AFE2284D28000E6C9E4 /* LaunchScreen.storyboard */; };
		A0882B0B2284D28000E6C9E4 /* _2Tests.swift in Sources */ = {isa = PBXBuildFile; fileRef = A0882B0A2284D28000E6C9E4 /* _2Tests.swift */; };
		A0882B162284D28000E6C9E4 /* _2UITests.swift in Sources */ = {isa = PBXBuildFile; fileRef = A0882B152284D28000E6C9E4 /* _2UITests.swift */; };
		A0882B242284D29E00E6C9E4 /* ButtonView.swift in Sources */ = {isa = PBXBuildFile; fileRef = A0882B232284D29E00E6C9E4 /* ButtonView.swift */; };
		A0882B262284F60E00E6C9E4 /* ClockView.swift in Sources */ = {isa = PBXBuildFile; fileRef = A0882B252284F60E00E6C9E4 /* ClockView.swift */; };
		A0A7C91522871378000D11DB /* TestView.swift in Sources */ = {isa = PBXBuildFile; fileRef = A0A7C91422871378000D11DB /* TestView.swift */; };
		A0A7C91722871399000D11DB /* TestView.xib in Resources */ = {isa = PBXBuildFile; fileRef = A0A7C91622871399000D11DB /* TestView.xib */; };
/* End PBXBuildFile section */

/* Begin PBXContainerItemProxy section */
		A0882B072284D28000E6C9E4 /* PBXContainerItemProxy */ = {
			isa = PBXContainerItemProxy;
			containerPortal = A0882AE72284D27F00E6C9E4 /* Project object */;
			proxyType = 1;
			remoteGlobalIDString = A0882AEE2284D27F00E6C9E4;
			remoteInfo = 12;
		};
		A0882B122284D28000E6C9E4 /* PBXContainerItemProxy */ = {
			isa = PBXContainerItemProxy;
			containerPortal = A0882AE72284D27F00E6C9E4 /* Project object */;
			proxyType = 1;
			remoteGlobalIDString = A0882AEE2284D27F00E6C9E4;
			remoteInfo = 12;
		};
/* End PBXContainerItemProxy section */

/* Begin PBXFileReference section */
		A0882AEF2284D27F00E6C9E4 /* 12.app */ = {isa = PBXFileReference; explicitFileType = wrapper.application; includeInIndex = 0; path = 12.app; sourceTree = BUILT_PRODUCTS_DIR; };
		A0882AF22284D27F00E6C9E4 /* AppDelegate.swift */ = {isa = PBXFileReference; lastKnownFileType = sourcecode.swift; path = AppDelegate.swift; sourceTree = "<group>"; };
		A0882AF42284D27F00E6C9E4 /* ViewController.swift */ = {isa = PBXFileReference; lastKnownFileType = sourcecode.swift; path = ViewController.swift; sourceTree = "<group>"; };
		A0882AF72284D27F00E6C9E4 /* Base */ = {isa = PBXFileReference; lastKnownFileType = file.storyboard; name = Base; path = Base.lproj/Main.storyboard; sourceTree = "<group>"; };
		A0882AFA2284D27F00E6C9E4 /* _2.xcdatamodel */ = {isa = PBXFileReference; lastKnownFileType = wrapper.xcdatamodel; path = _2.xcdatamodel; sourceTree = "<group>"; };
		A0882AFC2284D28000E6C9E4 /* Assets.xcassets */ = {isa = PBXFileReference; lastKnownFileType = folder.assetcatalog; path = Assets.xcassets; sourceTree = "<group>"; };
		A0882AFF2284D28000E6C9E4 /* Base */ = {isa = PBXFileReference; lastKnownFileType = file.storyboard; name = Base; path = Base.lproj/LaunchScreen.storyboard; sourceTree = "<group>"; };
		A0882B012284D28000E6C9E4 /* Info.plist */ = {isa = PBXFileReference; lastKnownFileType = text.plist.xml; path = Info.plist; sourceTree = "<group>"; };
		A0882B062284D28000E6C9E4 /* 12Tests.xctest */ = {isa = PBXFileReference; explicitFileType = wrapper.cfbundle; includeInIndex = 0; path = 12Tests.xctest; sourceTree = BUILT_PRODUCTS_DIR; };
		A0882B0A2284D28000E6C9E4 /* _2Tests.swift */ = {isa = PBXFileReference; lastKnownFileType = sourcecode.swift; path = _2Tests.swift; sourceTree = "<group>"; };
		A0882B0C2284D28000E6C9E4 /* Info.plist */ = {isa = PBXFileReference; lastKnownFileType = text.plist.xml; path = Info.plist; sourceTree = "<group>"; };
		A0882B112284D28000E6C9E4 /* 12UITests.xctest */ = {isa = PBXFileReference; explicitFileType = wrapper.cfbundle; includeInIndex = 0; path = 12UITests.xctest; sourceTree = BUILT_PRODUCTS_DIR; };
		A0882B152284D28000E6C9E4 /* _2UITests.swift */ = {isa = PBXFileReference; lastKnownFileType = sourcecode.swift; path = _2UITests.swift; sourceTree = "<group>"; };
		A0882B172284D28000E6C9E4 /* Info.plist */ = {isa = PBXFileReference; lastKnownFileType = text.plist.xml; path = Info.plist; sourceTree = "<group>"; };
		A0882B232284D29E00E6C9E4 /* ButtonView.swift */ = {isa = PBXFileReference; lastKnownFileType = sourcecode.swift; path = ButtonView.swift; sourceTree = "<group>"; };
		A0882B252284F60E00E6C9E4 /* ClockView.swift */ = {isa = PBXFileReference; lastKnownFileType = sourcecode.swift; path = ClockView.swift; sourceTree = "<group>"; };
		A0A7C91422871378000D11DB /* TestView.swift */ = {isa = PBXFileReference; lastKnownFileType = sourcecode.swift; path = TestView.swift; sourceTree = "<group>"; };
		A0A7C91622871399000D11DB /* TestView.xib */ = {isa = PBXFileReference; lastKnownFileType = file.xib; path = TestView.xib; sourceTree = "<group>"; };
/* End PBXFileReference section */

/* Begin PBXFrameworksBuildPhase section */
		A0882AEC2284D27F00E6C9E4 /* Frameworks */ = {
			isa = PBXFrameworksBuildPhase;
			buildActionMask = 2147483647;
			files = (
			);
			runOnlyForDeploymentPostprocessing = 0;
		};
		A0882B032284D28000E6C9E4 /* Frameworks */ = {
			isa = PBXFrameworksBuildPhase;
			buildActionMask = 2147483647;
			files = (
			);
			runOnlyForDeploymentPostprocessing = 0;
		};
		A0882B0E2284D28000E6C9E4 /* Frameworks */ = {
			isa = PBXFrameworksBuildPhase;
			buildActionMask = 2147483647;
			files = (
			);
			runOnlyForDeploymentPostprocessing = 0;
		};
/* End PBXFrameworksBuildPhase section */

/* Begin PBXGroup section */
		A0882AE62284D27F00E6C9E4 = {
			isa = PBXGroup;
			children = (
				A0882AF12284D27F00E6C9E4 /* 12 */,
				A0882B092284D28000E6C9E4 /* 12Tests */,
				A0882B142284D28000E6C9E4 /* 12UITests */,
				A0882AF02284D27F00E6C9E4 /* Products */,
			);
			sourceTree = "<group>";
		};
		A0882AF02284D27F00E6C9E4 /* Products */ = {
			isa = PBXGroup;
			children = (
				A0882AEF2284D27F00E6C9E4 /* 12.app */,
				A0882B062284D28000E6C9E4 /* 12Tests.xctest */,
				A0882B112284D28000E6C9E4 /* 12UITests.xctest */,
			);
			name = Products;
			sourceTree = "<group>";
		};
		A0882AF12284D27F00E6C9E4 /* 12 */ = {
			isa = PBXGroup;
			children = (
				A0A7C91622871399000D11DB /* TestView.xib */,
				A0882AF42284D27F00E6C9E4 /* ViewController.swift */,
				A0A7C91422871378000D11DB /* TestView.swift */,
				A0882B232284D29E00E6C9E4 /* ButtonView.swift */,
				A0882B252284F60E00E6C9E4 /* ClockView.swift */,
				A0882AF22284D27F00E6C9E4 /* AppDelegate.swift */,
				A0882AF62284D27F00E6C9E4 /* Main.storyboard */,
				A0882AFC2284D28000E6C9E4 /* Assets.xcassets */,
				A0882AFE2284D28000E6C9E4 /* LaunchScreen.storyboard */,
				A0882B012284D28000E6C9E4 /* Info.plist */,
				A0882AF92284D27F00E6C9E4 /* _2.xcdatamodeld */,
			);
			path = 12;
			sourceTree = "<group>";
		};
		A0882B092284D28000E6C9E4 /* 12Tests */ = {
			isa = PBXGroup;
			children = (
				A0882B0A2284D28000E6C9E4 /* _2Tests.swift */,
				A0882B0C2284D28000E6C9E4 /* Info.plist */,
			);
			path = 12Tests;
			sourceTree = "<group>";
		};
		A0882B142284D28000E6C9E4 /* 12UITests */ = {
			isa = PBXGroup;
			children = (
				A0882B152284D28000E6C9E4 /* _2UITests.swift */,
				A0882B172284D28000E6C9E4 /* Info.plist */,
			);
			path = 12UITests;
			sourceTree = "<group>";
		};
/* End PBXGroup section */

/* Begin PBXNativeTarget section */
		A0882AEE2284D27F00E6C9E4 /* 12 */ = {
			isa = PBXNativeTarget;
			buildConfigurationList = A0882B1A2284D28000E6C9E4 /* Build configuration list for PBXNativeTarget "12" */;
			buildPhases = (
				A0882AEB2284D27F00E6C9E4 /* Sources */,
				A0882AEC2284D27F00E6C9E4 /* Frameworks */,
				A0882AED2284D27F00E6C9E4 /* Resources */,
			);
			buildRules = (
			);
			dependencies = (
			);
			name = 12;
			productName = 12;
			productReference = A0882AEF2284D27F00E6C9E4 /* 12.app */;
			productType = "com.apple.product-type.application";
		};
		A0882B052284D28000E6C9E4 /* 12Tests */ = {
			isa = PBXNativeTarget;
			buildConfigurationList = A0882B1D2284D28000E6C9E4 /* Build configuration list for PBXNativeTarget "12Tests" */;
			buildPhases = (
				A0882B022284D28000E6C9E4 /* Sources */,
				A0882B032284D28000E6C9E4 /* Frameworks */,
				A0882B042284D28000E6C9E4 /* Resources */,
			);
			buildRules = (
			);
			dependencies = (
				A0882B082284D28000E6C9E4 /* PBXTargetDependency */,
			);
			name = 12Tests;
			productName = 12Tests;
			productReference = A0882B062284D28000E6C9E4 /* 12Tests.xctest */;
			productType = "com.apple.product-type.bundle.unit-test";
		};
		A0882B102284D28000E6C9E4 /* 12UITests */ = {
			isa = PBXNativeTarget;
			buildConfigurationList = A0882B202284D28000E6C9E4 /* Build configuration list for PBXNativeTarget "12UITests" */;
			buildPhases = (
				A0882B0D2284D28000E6C9E4 /* Sources */,
				A0882B0E2284D28000E6C9E4 /* Frameworks */,
				A0882B0F2284D28000E6C9E4 /* Resources */,
			);
			buildRules = (
			);
			dependencies = (
				A0882B132284D28000E6C9E4 /* PBXTargetDependency */,
			);
			name = 12UITests;
			productName = 12UITests;
			productReference = A0882B112284D28000E6C9E4 /* 12UITests.xctest */;
			productType = "com.apple.product-type.bundle.ui-testing";
		};
/* End PBXNativeTarget section */

/* Begin PBXProject section */
		A0882AE72284D27F00E6C9E4 /* Project object */ = {
			isa = PBXProject;
			attributes = {
				LastSwiftUpdateCheck = 1020;
				LastUpgradeCheck = 1020;
				ORGANIZATIONNAME = Zizlak;
				TargetAttributes = {
					A0882AEE2284D27F00E6C9E4 = {
						CreatedOnToolsVersion = 10.2;
					};
					A0882B052284D28000E6C9E4 = {
						CreatedOnToolsVersion = 10.2;
						TestTargetID = A0882AEE2284D27F00E6C9E4;
					};
					A0882B102284D28000E6C9E4 = {
						CreatedOnToolsVersion = 10.2;
						TestTargetID = A0882AEE2284D27F00E6C9E4;
					};
				};
			};
			buildConfigurationList = A0882AEA2284D27F00E6C9E4 /* Build configuration list for PBXProject "12" */;
			compatibilityVersion = "Xcode 9.3";
			developmentRegion = en;
			hasScannedForEncodings = 0;
			knownRegions = (
				en,
				Base,
			);
			mainGroup = A0882AE62284D27F00E6C9E4;
			productRefGroup = A0882AF02284D27F00E6C9E4 /* Products */;
			projectDirPath = "";
			projectRoot = "";
			targets = (
				A0882AEE2284D27F00E6C9E4 /* 12 */,
				A0882B052284D28000E6C9E4 /* 12Tests */,
				A0882B102284D28000E6C9E4 /* 12UITests */,
			);
		};
/* End PBXProject section */

/* Begin PBXResourcesBuildPhase section */
		A0882AED2284D27F00E6C9E4 /* Resources */ = {
			isa = PBXResourcesBuildPhase;
			buildActionMask = 2147483647;
			files = (
				A0A7C91722871399000D11DB /* TestView.xib in Resources */,
				A0882B002284D28000E6C9E4 /* LaunchScreen.storyboard in Resources */,
				A0882AFD2284D28000E6C9E4 /* Assets.xcassets in Resources */,
				A0882AF82284D27F00E6C9E4 /* Main.storyboard in Resources */,
			);
			runOnlyForDeploymentPostprocessing = 0;
		};
		A0882B042284D28000E6C9E4 /* Resources */ = {
			isa = PBXResourcesBuildPhase;
			buildActionMask = 2147483647;
			files = (
			);
			runOnlyForDeploymentPostprocessing = 0;
		};
		A0882B0F2284D28000E6C9E4 /* Resources */ = {
			isa = PBXResourcesBuildPhase;
			buildActionMask = 2147483647;
			files = (
			);
			runOnlyForDeploymentPostprocessing = 0;
		};
/* End PBXResourcesBuildPhase section */

/* Begin PBXSourcesBuildPhase section */
		A0882AEB2284D27F00E6C9E4 /* Sources */ = {
			isa = PBXSourcesBuildPhase;
			buildActionMask = 2147483647;
			files = (
				A0A7C91522871378000D11DB /* TestView.swift in Sources */,
				A0882AF52284D27F00E6C9E4 /* ViewController.swift in Sources */,
				A0882B262284F60E00E6C9E4 /* ClockView.swift in Sources */,
				A0882AFB2284D27F00E6C9E4 /* _2.xcdatamodeld in Sources */,
				A0882B242284D29E00E6C9E4 /* ButtonView.swift in Sources */,
				A0882AF32284D27F00E6C9E4 /* AppDelegate.swift in Sources */,
			);
			runOnlyForDeploymentPostprocessing = 0;
		};
		A0882B022284D28000E6C9E4 /* Sources */ = {
			isa = PBXSourcesBuildPhase;
			buildActionMask = 2147483647;
			files = (
				A0882B0B2284D28000E6C9E4 /* _2Tests.swift in Sources */,
			);
			runOnlyForDeploymentPostprocessing = 0;
		};
		A0882B0D2284D28000E6C9E4 /* Sources */ = {
			isa = PBXSourcesBuildPhase;
			buildActionMask = 2147483647;
			files = (
				A0882B162284D28000E6C9E4 /* _2UITests.swift in Sources */,
			);
			runOnlyForDeploymentPostprocessing = 0;
		};
/* End PBXSourcesBuildPhase section */

/* Begin PBXTargetDependency section */
		A0882B082284D28000E6C9E4 /* PBXTargetDependency */ = {
			isa = PBXTargetDependency;
			target = A0882AEE2284D27F00E6C9E4 /* 12 */;
			targetProxy = A0882B072284D28000E6C9E4 /* PBXContainerItemProxy */;
		};
		A0882B132284D28000E6C9E4 /* PBXTargetDependency */ = {
			isa = PBXTargetDependency;
			target = A0882AEE2284D27F00E6C9E4 /* 12 */;
			targetProxy = A0882B122284D28000E6C9E4 /* PBXContainerItemProxy */;
		};
/* End PBXTargetDependency section */

/* Begin PBXVariantGroup section */
		A0882AF62284D27F00E6C9E4 /* Main.storyboard */ = {
			isa = PBXVariantGroup;
			children = (
				A0882AF72284D27F00E6C9E4 /* Base */,
			);
			name = Main.storyboard;
			sourceTree = "<group>";
		};
		A0882AFE2284D28000E6C9E4 /* LaunchScreen.storyboard */ = {
			isa = PBXVariantGroup;
			children = (
				A0882AFF2284D28000E6C9E4 /* Base */,
			);
			name = LaunchScreen.storyboard;
			sourceTree = "<group>";
		};
/* End PBXVariantGroup section */

/* Begin XCBuildConfiguration section */
		A0882B182284D28000E6C9E4 /* Debug */ = {
			isa = XCBuildConfiguration;
			buildSettings = {
				ALWAYS_SEARCH_USER_PATHS = NO;
				CLANG_ANALYZER_NONNULL = YES;
				CLANG_ANALYZER_NUMBER_OBJECT_CONVERSION = YES_AGGRESSIVE;
				CLANG_CXX_LANGUAGE_STANDARD = "gnu++14";
				CLANG_CXX_LIBRARY = "libc++";
				CLANG_ENABLE_MODULES = YES;
				CLANG_ENABLE_OBJC_ARC = YES;
				CLANG_ENABLE_OBJC_WEAK = YES;
				CLANG_WARN_BLOCK_CAPTURE_AUTORELEASING = YES;
				CLANG_WARN_BOOL_CONVERSION = YES;
				CLANG_WARN_COMMA = YES;
				CLANG_WARN_CONSTANT_CONVERSION = YES;
				CLANG_WARN_DEPRECATED_OBJC_IMPLEMENTATIONS = YES;
				CLANG_WARN_DIRECT_OBJC_ISA_USAGE = YES_ERROR;
				CLANG_WARN_DOCUMENTATION_COMMENTS = YES;
				CLANG_WARN_EMPTY_BODY = YES;
				CLANG_WARN_ENUM_CONVERSION = YES;
				CLANG_WARN_INFINITE_RECURSION = YES;
				CLANG_WARN_INT_CONVERSION = YES;
				CLANG_WARN_NON_LITERAL_NULL_CONVERSION = YES;
				CLANG_WARN_OBJC_IMPLICIT_RETAIN_SELF = YES;
				CLANG_WARN_OBJC_LITERAL_CONVERSION = YES;
				CLANG_WARN_OBJC_ROOT_CLASS = YES_ERROR;
				CLANG_WARN_RANGE_LOOP_ANALYSIS = YES;
				CLANG_WARN_STRICT_PROTOTYPES = YES;
				CLANG_WARN_SUSPICIOUS_MOVE = YES;
				CLANG_WARN_UNGUARDED_AVAILABILITY = YES_AGGRESSIVE;
				CLANG_WARN_UNREACHABLE_CODE = YES;
				CLANG_WARN__DUPLICATE_METHOD_MATCH = YES;
				CODE_SIGN_IDENTITY = "iPhone Developer";
				COPY_PHASE_STRIP = NO;
				DEBUG_INFORMATION_FORMAT = dwarf;
				ENABLE_STRICT_OBJC_MSGSEND = YES;
				ENABLE_TESTABILITY = YES;
				GCC_C_LANGUAGE_STANDARD = gnu11;
				GCC_DYNAMIC_NO_PIC = NO;
				GCC_NO_COMMON_BLOCKS = YES;
				GCC_OPTIMIZATION_LEVEL = 0;
				GCC_PREPROCESSOR_DEFINITIONS = (
					"DEBUG=1",
					"$(inherited)",
				);
				GCC_WARN_64_TO_32_BIT_CONVERSION = YES;
				GCC_WARN_ABOUT_RETURN_TYPE = YES_ERROR;
				GCC_WARN_UNDECLARED_SELECTOR = YES;
				GCC_WARN_UNINITIALIZED_AUTOS = YES_AGGRESSIVE;
				GCC_WARN_UNUSED_FUNCTION = YES;
				GCC_WARN_UNUSED_VARIABLE = YES;
				IPHONEOS_DEPLOYMENT_TARGET = 12.2;
				MTL_ENABLE_DEBUG_INFO = INCLUDE_SOURCE;
				MTL_FAST_MATH = YES;
				ONLY_ACTIVE_ARCH = YES;
				SDKROOT = iphoneos;
				SWIFT_ACTIVE_COMPILATION_CONDITIONS = DEBUG;
				SWIFT_OPTIMIZATION_LEVEL = "-Onone";
			};
			name = Debug;
		};
		A0882B192284D28000E6C9E4 /* Release */ = {
			isa = XCBuildConfiguration;
			buildSettings = {
				ALWAYS_SEARCH_USER_PATHS = NO;
				CLANG_ANALYZER_NONNULL = YES;
				CLANG_ANALYZER_NUMBER_OBJECT_CONVERSION = YES_AGGRESSIVE;
				CLANG_CXX_LANGUAGE_STANDARD = "gnu++14";
				CLANG_CXX_LIBRARY = "libc++";
				CLANG_ENABLE_MODULES = YES;
				CLANG_ENABLE_OBJC_ARC = YES;
				CLANG_ENABLE_OBJC_WEAK = YES;
				CLANG_WARN_BLOCK_CAPTURE_AUTORELEASING = YES;
				CLANG_WARN_BOOL_CONVERSION = YES;
				CLANG_WARN_COMMA = YES;
				CLANG_WARN_CONSTANT_CONVERSION = YES;
				CLANG_WARN_DEPRECATED_OBJC_IMPLEMENTATIONS = YES;
				CLANG_WARN_DIRECT_OBJC_ISA_USAGE = YES_ERROR;
				CLANG_WARN_DOCUMENTATION_COMMENTS = YES;
				CLANG_WARN_EMPTY_BODY = YES;
				CLANG_WARN_ENUM_CONVERSION = YES;
				CLANG_WARN_INFINITE_RECURSION = YES;
				CLANG_WARN_INT_CONVERSION = YES;
				CLANG_WARN_NON_LITERAL_NULL_CONVERSION = YES;
				CLANG_WARN_OBJC_IMPLICIT_RETAIN_SELF = YES;
				CLANG_WARN_OBJC_LITERAL_CONVERSION = YES;
				CLANG_WARN_OBJC_ROOT_CLASS = YES_ERROR;
				CLANG_WARN_RANGE_LOOP_ANALYSIS = YES;
				CLANG_WARN_STRICT_PROTOTYPES = YES;
				CLANG_WARN_SUSPICIOUS_MOVE = YES;
				CLANG_WARN_UNGUARDED_AVAILABILITY = YES_AGGRESSIVE;
				CLANG_WARN_UNREACHABLE_CODE = YES;
				CLANG_WARN__DUPLICATE_METHOD_MATCH = YES;
				CODE_SIGN_IDENTITY = "iPhone Developer";
				COPY_PHASE_STRIP = NO;
				DEBUG_INFORMATION_FORMAT = "dwarf-with-dsym";
				ENABLE_NS_ASSERTIONS = NO;
				ENABLE_STRICT_OBJC_MSGSEND = YES;
				GCC_C_LANGUAGE_STANDARD = gnu11;
				GCC_NO_COMMON_BLOCKS = YES;
				GCC_WARN_64_TO_32_BIT_CONVERSION = YES;
				GCC_WARN_ABOUT_RETURN_TYPE = YES_ERROR;
				GCC_WARN_UNDECLARED_SELECTOR = YES;
				GCC_WARN_UNINITIALIZED_AUTOS = YES_AGGRESSIVE;
				GCC_WARN_UNUSED_FUNCTION = YES;
				GCC_WARN_UNUSED_VARIABLE = YES;
				IPHONEOS_DEPLOYMENT_TARGET = 12.2;
				MTL_ENABLE_DEBUG_INFO = NO;
				MTL_FAST_MATH = YES;
				SDKROOT = iphoneos;
				SWIFT_COMPILATION_MODE = wholemodule;
				SWIFT_OPTIMIZATION_LEVEL = "-O";
				VALIDATE_PRODUCT = YES;
			};
			name = Release;
		};
		A0882B1B2284D28000E6C9E4 /* Debug */ = {
			isa = XCBuildConfiguration;
			buildSettings = {
				ASSETCATALOG_COMPILER_APPICON_NAME = AppIcon;
				CODE_SIGN_STYLE = Automatic;
				DEVELOPMENT_TEAM = 2SFU59SCCX;
				INFOPLIST_FILE = 12/Info.plist;
				LD_RUNPATH_SEARCH_PATHS = (
					"$(inherited)",
					"@executable_path/Frameworks",
				);
				PRODUCT_BUNDLE_IDENTIFIER = "com.zizlak.-2";
				PRODUCT_NAME = "$(TARGET_NAME)";
				SWIFT_VERSION = 5.0;
				TARGETED_DEVICE_FAMILY = "1,2";
			};
			name = Debug;
		};
		A0882B1C2284D28000E6C9E4 /* Release */ = {
			isa = XCBuildConfiguration;
			buildSettings = {
				ASSETCATALOG_COMPILER_APPICON_NAME = AppIcon;
				CODE_SIGN_STYLE = Automatic;
				DEVELOPMENT_TEAM = 2SFU59SCCX;
				INFOPLIST_FILE = 12/Info.plist;
				LD_RUNPATH_SEARCH_PATHS = (
					"$(inherited)",
					"@executable_path/Frameworks",
				);
				PRODUCT_BUNDLE_IDENTIFIER = "com.zizlak.-2";
				PRODUCT_NAME = "$(TARGET_NAME)";
				SWIFT_VERSION = 5.0;
				TARGETED_DEVICE_FAMILY = "1,2";
			};
			name = Release;
		};
		A0882B1E2284D28000E6C9E4 /* Debug */ = {
			isa = XCBuildConfiguration;
			buildSettings = {
				ALWAYS_EMBED_SWIFT_STANDARD_LIBRARIES = YES;
				BUNDLE_LOADER = "$(TEST_HOST)";
				CODE_SIGN_STYLE = Automatic;
				INFOPLIST_FILE = 12Tests/Info.plist;
				LD_RUNPATH_SEARCH_PATHS = (
					"$(inherited)",
					"@executable_path/Frameworks",
					"@loader_path/Frameworks",
				);
				PRODUCT_BUNDLE_IDENTIFIER = "com.zizlak.-2Tests";
				PRODUCT_NAME = "$(TARGET_NAME)";
				SWIFT_VERSION = 5.0;
				TARGETED_DEVICE_FAMILY = "1,2";
				TEST_HOST = "$(BUILT_PRODUCTS_DIR)/12.app/12";
			};
			name = Debug;
		};
		A0882B1F2284D28000E6C9E4 /* Release */ = {
			isa = XCBuildConfiguration;
			buildSettings = {
				ALWAYS_EMBED_SWIFT_STANDARD_LIBRARIES = YES;
				BUNDLE_LOADER = "$(TEST_HOST)";
				CODE_SIGN_STYLE = Automatic;
				INFOPLIST_FILE = 12Tests/Info.plist;
				LD_RUNPATH_SEARCH_PATHS = (
					"$(inherited)",
					"@executable_path/Frameworks",
					"@loader_path/Frameworks",
				);
				PRODUCT_BUNDLE_IDENTIFIER = "com.zizlak.-2Tests";
				PRODUCT_NAME = "$(TARGET_NAME)";
				SWIFT_VERSION = 5.0;
				TARGETED_DEVICE_FAMILY = "1,2";
				TEST_HOST = "$(BUILT_PRODUCTS_DIR)/12.app/12";
			};
			name = Release;
		};
		A0882B212284D28000E6C9E4 /* Debug */ = {
			isa = XCBuildConfiguration;
			buildSettings = {
				ALWAYS_EMBED_SWIFT_STANDARD_LIBRARIES = YES;
				CODE_SIGN_STYLE = Automatic;
				INFOPLIST_FILE = 12UITests/Info.plist;
				LD_RUNPATH_SEARCH_PATHS = (
					"$(inherited)",
					"@executable_path/Frameworks",
					"@loader_path/Frameworks",
				);
				PRODUCT_BUNDLE_IDENTIFIER = "com.zizlak.-2UITests";
				PRODUCT_NAME = "$(TARGET_NAME)";
				SWIFT_VERSION = 5.0;
				TARGETED_DEVICE_FAMILY = "1,2";
				TEST_TARGET_NAME = 12;
			};
			name = Debug;
		};
		A0882B222284D28000E6C9E4 /* Release */ = {
			isa = XCBuildConfiguration;
			buildSettings = {
				ALWAYS_EMBED_SWIFT_STANDARD_LIBRARIES = YES;
				CODE_SIGN_STYLE = Automatic;
				INFOPLIST_FILE = 12UITests/Info.plist;
				LD_RUNPATH_SEARCH_PATHS = (
					"$(inherited)",
					"@executable_path/Frameworks",
					"@loader_path/Frameworks",
				);
				PRODUCT_BUNDLE_IDENTIFIER = "com.zizlak.-2UITests";
				PRODUCT_NAME = "$(TARGET_NAME)";
				SWIFT_VERSION = 5.0;
				TARGETED_DEVICE_FAMILY = "1,2";
				TEST_TARGET_NAME = 12;
			};
			name = Release;
		};
/* End XCBuildConfiguration section */

/* Begin XCConfigurationList section */
		A0882AEA2284D27F00E6C9E4 /* Build configuration list for PBXProject "12" */ = {
			isa = XCConfigurationList;
			buildConfigurations = (
				A0882B182284D28000E6C9E4 /* Debug */,
				A0882B192284D28000E6C9E4 /* Release */,
			);
			defaultConfigurationIsVisible = 0;
			defaultConfigurationName = Release;
		};
		A0882B1A2284D28000E6C9E4 /* Build configuration list for PBXNativeTarget "12" */ = {
			isa = XCConfigurationList;
			buildConfigurations = (
				A0882B1B2284D28000E6C9E4 /* Debug */,
				A0882B1C2284D28000E6C9E4 /* Release */,
			);
			defaultConfigurationIsVisible = 0;
			defaultConfigurationName = Release;
		};
		A0882B1D2284D28000E6C9E4 /* Build configuration list for PBXNativeTarget "12Tests" */ = {
			isa = XCConfigurationList;
			buildConfigurations = (
				A0882B1E2284D28000E6C9E4 /* Debug */,
				A0882B1F2284D28000E6C9E4 /* Release */,
			);
			defaultConfigurationIsVisible = 0;
			defaultConfigurationName = Release;
		};
		A0882B202284D28000E6C9E4 /* Build configuration list for PBXNativeTarget "12UITests" */ = {
			isa = XCConfigurationList;
			buildConfigurations = (
				A0882B212284D28000E6C9E4 /* Debug */,
				A0882B222284D28000E6C9E4 /* Release */,
			);
			defaultConfigurationIsVisible = 0;
			defaultConfigurationName = Release;
		};
/* End XCConfigurationList section */

/* Begin XCVersionGroup section */
		A0882AF92284D27F00E6C9E4 /* _2.xcdatamodeld */ = {
			isa = XCVersionGroup;
			children = (
				A0882AFA2284D27F00E6C9E4 /* _2.xcdatamodel */,
			);
			currentVersion = A0882AFA2284D27F00E6C9E4 /* _2.xcdatamodel */;
			path = _2.xcdatamodeld;
			sourceTree = "<group>";
			versionGroupType = wrapper.xcdatamodel;
		};
/* End XCVersionGroup section */
	};
	rootObject = A0882AE72284D27F00E6C9E4 /* Project object */;
}
